// !$*UTF8*$!
{
	archiveVersion = 1;
	classes = {
	};
	objectVersion = 46;
	objects = {

/* Begin PBXBuildFile section */
		981F41751DB590F600FEA598 /* CharactersNetworkService.swift in Sources */ = {isa = PBXBuildFile; fileRef = 981F41741DB590F600FEA598 /* CharactersNetworkService.swift */; };
		981F41781DB5925800FEA598 /* CommonCrypto.framework in Frameworks */ = {isa = PBXBuildFile; fileRef = 981F41761DB5925800FEA598 /* CommonCrypto.framework */; };
		981F41791DB5925800FEA598 /* Crypto.framework in Frameworks */ = {isa = PBXBuildFile; fileRef = 981F41771DB5925800FEA598 /* Crypto.framework */; };
		981F417B1DB5934000FEA598 /* Alamofire.framework in Frameworks */ = {isa = PBXBuildFile; fileRef = 981F417A1DB5934000FEA598 /* Alamofire.framework */; };
		9827526E1DB3D8D90048509C /* AppDelegate.swift in Sources */ = {isa = PBXBuildFile; fileRef = 9827526D1DB3D8D90048509C /* AppDelegate.swift */; };
		982752701DB3D8D90048509C /* CharactersViewController.swift in Sources */ = {isa = PBXBuildFile; fileRef = 9827526F1DB3D8D90048509C /* CharactersViewController.swift */; };
		982752731DB3D8D90048509C /* Main.storyboard in Resources */ = {isa = PBXBuildFile; fileRef = 982752711DB3D8D90048509C /* Main.storyboard */; };
		982752751DB3D8D90048509C /* Assets.xcassets in Resources */ = {isa = PBXBuildFile; fileRef = 982752741DB3D8D90048509C /* Assets.xcassets */; };
		982752781DB3D8D90048509C /* LaunchScreen.storyboard in Resources */ = {isa = PBXBuildFile; fileRef = 982752761DB3D8D90048509C /* LaunchScreen.storyboard */; };
		984523371DB583EB007143DA /* Result.framework in Frameworks */ = {isa = PBXBuildFile; fileRef = 982752861DB3E0380048509C /* Result.framework */; };
		984523381DB58451007143DA /* RxBlocking.framework in Frameworks */ = {isa = PBXBuildFile; fileRef = 982752871DB3E0380048509C /* RxBlocking.framework */; };
		984523391DB58451007143DA /* RxCocoa.framework in Frameworks */ = {isa = PBXBuildFile; fileRef = 982752881DB3E0380048509C /* RxCocoa.framework */; };
		9845233A1DB58451007143DA /* RxSwift.framework in Frameworks */ = {isa = PBXBuildFile; fileRef = 982752891DB3E0380048509C /* RxSwift.framework */; };
		986491801DB71DCF00086CDC /* CharacterTableViewCell.swift in Sources */ = {isa = PBXBuildFile; fileRef = 9864917F1DB71DCF00086CDC /* CharacterTableViewCell.swift */; };
		987BCAD51DB713CF0052B78D /* Character.swift in Sources */ = {isa = PBXBuildFile; fileRef = 987BCAD41DB713CF0052B78D /* Character.swift */; };
		987BCAD71DB714AE0052B78D /* MarvelNetworking.swift in Sources */ = {isa = PBXBuildFile; fileRef = 987BCAD61DB714AE0052B78D /* MarvelNetworking.swift */; };
/* End PBXBuildFile section */

/* Begin PBXFileReference section */
		981F41741DB590F600FEA598 /* CharactersNetworkService.swift */ = {isa = PBXFileReference; fileEncoding = 4; lastKnownFileType = sourcecode.swift; path = CharactersNetworkService.swift; sourceTree = "<group>"; };
		981F41761DB5925800FEA598 /* CommonCrypto.framework */ = {isa = PBXFileReference; lastKnownFileType = wrapper.framework; name = CommonCrypto.framework; path = Carthage/Build/iOS/CommonCrypto.framework; sourceTree = "<group>"; };
		981F41771DB5925800FEA598 /* Crypto.framework */ = {isa = PBXFileReference; lastKnownFileType = wrapper.framework; name = Crypto.framework; path = Carthage/Build/iOS/Crypto.framework; sourceTree = "<group>"; };
		981F417A1DB5934000FEA598 /* Alamofire.framework */ = {isa = PBXFileReference; lastKnownFileType = wrapper.framework; name = Alamofire.framework; path = Carthage/Build/iOS/Alamofire.framework; sourceTree = "<group>"; };
		9827526A1DB3D8D90048509C /* ReactiveDemo.app */ = {isa = PBXFileReference; explicitFileType = wrapper.application; includeInIndex = 0; path = ReactiveDemo.app; sourceTree = BUILT_PRODUCTS_DIR; };
		9827526D1DB3D8D90048509C /* AppDelegate.swift */ = {isa = PBXFileReference; lastKnownFileType = sourcecode.swift; path = AppDelegate.swift; sourceTree = "<group>"; };
		9827526F1DB3D8D90048509C /* CharactersViewController.swift */ = {isa = PBXFileReference; lastKnownFileType = sourcecode.swift; path = CharactersViewController.swift; sourceTree = "<group>"; };
		982752721DB3D8D90048509C /* Base */ = {isa = PBXFileReference; lastKnownFileType = file.storyboard; name = Base; path = Base.lproj/Main.storyboard; sourceTree = "<group>"; };
		982752741DB3D8D90048509C /* Assets.xcassets */ = {isa = PBXFileReference; lastKnownFileType = folder.assetcatalog; path = Assets.xcassets; sourceTree = "<group>"; };
		982752771DB3D8D90048509C /* Base */ = {isa = PBXFileReference; lastKnownFileType = file.storyboard; name = Base; path = Base.lproj/LaunchScreen.storyboard; sourceTree = "<group>"; };
		982752791DB3D8D90048509C /* Info.plist */ = {isa = PBXFileReference; lastKnownFileType = text.plist.xml; path = Info.plist; sourceTree = "<group>"; };
		982752851DB3E0380048509C /* ReactiveCocoa.framework */ = {isa = PBXFileReference; lastKnownFileType = wrapper.framework; name = ReactiveCocoa.framework; path = Carthage/Build/iOS/ReactiveCocoa.framework; sourceTree = "<group>"; };
		982752861DB3E0380048509C /* Result.framework */ = {isa = PBXFileReference; lastKnownFileType = wrapper.framework; name = Result.framework; path = Carthage/Build/iOS/Result.framework; sourceTree = "<group>"; };
		982752871DB3E0380048509C /* RxBlocking.framework */ = {isa = PBXFileReference; lastKnownFileType = wrapper.framework; name = RxBlocking.framework; path = Carthage/Build/iOS/RxBlocking.framework; sourceTree = "<group>"; };
		982752881DB3E0380048509C /* RxCocoa.framework */ = {isa = PBXFileReference; lastKnownFileType = wrapper.framework; name = RxCocoa.framework; path = Carthage/Build/iOS/RxCocoa.framework; sourceTree = "<group>"; };
		982752891DB3E0380048509C /* RxSwift.framework */ = {isa = PBXFileReference; lastKnownFileType = wrapper.framework; name = RxSwift.framework; path = Carthage/Build/iOS/RxSwift.framework; sourceTree = "<group>"; };
		9827528A1DB3E0380048509C /* RxTests.framework */ = {isa = PBXFileReference; lastKnownFileType = wrapper.framework; name = RxTests.framework; path = Carthage/Build/iOS/RxTests.framework; sourceTree = "<group>"; };
		984523341DB580C0007143DA /* ReactiveSwift.framework */ = {isa = PBXFileReference; lastKnownFileType = wrapper.framework; name = ReactiveSwift.framework; path = Carthage/Build/iOS/ReactiveSwift.framework; sourceTree = "<group>"; };
		9845233B1DB58451007143DA /* RxTest.framework */ = {isa = PBXFileReference; lastKnownFileType = wrapper.framework; name = RxTest.framework; path = Carthage/Build/iOS/RxTest.framework; sourceTree = "<group>"; };
		9864917F1DB71DCF00086CDC /* CharacterTableViewCell.swift */ = {isa = PBXFileReference; fileEncoding = 4; lastKnownFileType = sourcecode.swift; path = CharacterTableViewCell.swift; sourceTree = "<group>"; };
		987BCAD41DB713CF0052B78D /* Character.swift */ = {isa = PBXFileReference; fileEncoding = 4; lastKnownFileType = sourcecode.swift; path = Character.swift; sourceTree = "<group>"; };
		987BCAD61DB714AE0052B78D /* MarvelNetworking.swift */ = {isa = PBXFileReference; fileEncoding = 4; lastKnownFileType = sourcecode.swift; path = MarvelNetworking.swift; sourceTree = "<group>"; };
/* End PBXFileReference section */

/* Begin PBXFrameworksBuildPhase section */
		982752671DB3D8D90048509C /* Frameworks */ = {
			isa = PBXFrameworksBuildPhase;
			buildActionMask = 2147483647;
			files = (
				981F417B1DB5934000FEA598 /* Alamofire.framework in Frameworks */,
				981F41781DB5925800FEA598 /* CommonCrypto.framework in Frameworks */,
				981F41791DB5925800FEA598 /* Crypto.framework in Frameworks */,
				984523371DB583EB007143DA /* Result.framework in Frameworks */,
				984523381DB58451007143DA /* RxBlocking.framework in Frameworks */,
				984523391DB58451007143DA /* RxCocoa.framework in Frameworks */,
				9845233A1DB58451007143DA /* RxSwift.framework in Frameworks */,
			);
			runOnlyForDeploymentPostprocessing = 0;
		};
/* End PBXFrameworksBuildPhase section */

/* Begin PBXGroup section */
		981F41731DB58F3800FEA598 /* Networking */ = {
			isa = PBXGroup;
			children = (
				987BCAD61DB714AE0052B78D /* MarvelNetworking.swift */,
				9864917D1DB71D8600086CDC /* Services */,
			);
			name = Networking;
			sourceTree = "<group>";
		};
		982752611DB3D8D90048509C = {
			isa = PBXGroup;
			children = (
				9827526C1DB3D8D90048509C /* ReactiveDemo */,
				982752841DB3E0380048509C /* Frameworks */,
				9827526B1DB3D8D90048509C /* Products */,
			);
			sourceTree = "<group>";
		};
		9827526B1DB3D8D90048509C /* Products */ = {
			isa = PBXGroup;
			children = (
				9827526A1DB3D8D90048509C /* ReactiveDemo.app */,
			);
			name = Products;
			sourceTree = "<group>";
		};
		9827526C1DB3D8D90048509C /* ReactiveDemo */ = {
			isa = PBXGroup;
			children = (
				982752801DB3D8FD0048509C /* Resources */,
				982752821DB3D9120048509C /* Source */,
				982752811DB3D9020048509C /* Supporting Files */,
			);
			path = ReactiveDemo;
			sourceTree = "<group>";
		};
		9827527F1DB3D8F60048509C /* View Controllers */ = {
			isa = PBXGroup;
			children = (
				9864917E1DB71DBD00086CDC /* Characters */,
			);
			name = "View Controllers";
			sourceTree = "<group>";
		};
		982752801DB3D8FD0048509C /* Resources */ = {
			isa = PBXGroup;
			children = (
				982752741DB3D8D90048509C /* Assets.xcassets */,
				982752761DB3D8D90048509C /* LaunchScreen.storyboard */,
				982752711DB3D8D90048509C /* Main.storyboard */,
			);
			name = Resources;
			sourceTree = "<group>";
		};
		982752811DB3D9020048509C /* Supporting Files */ = {
			isa = PBXGroup;
			children = (
				982752791DB3D8D90048509C /* Info.plist */,
			);
			name = "Supporting Files";
			sourceTree = "<group>";
		};
		982752821DB3D9120048509C /* Source */ = {
			isa = PBXGroup;
			children = (
				9827526D1DB3D8D90048509C /* AppDelegate.swift */,
				987BCAD31DB713820052B78D /* Model */,
				981F41731DB58F3800FEA598 /* Networking */,
				9827527F1DB3D8F60048509C /* View Controllers */,
			);
			name = Source;
			sourceTree = "<group>";
		};
		982752841DB3E0380048509C /* Frameworks */ = {
			isa = PBXGroup;
			children = (
				981F417A1DB5934000FEA598 /* Alamofire.framework */,
				981F41761DB5925800FEA598 /* CommonCrypto.framework */,
				981F41771DB5925800FEA598 /* Crypto.framework */,
				9845233B1DB58451007143DA /* RxTest.framework */,
				984523341DB580C0007143DA /* ReactiveSwift.framework */,
				982752851DB3E0380048509C /* ReactiveCocoa.framework */,
				982752861DB3E0380048509C /* Result.framework */,
				982752871DB3E0380048509C /* RxBlocking.framework */,
				982752881DB3E0380048509C /* RxCocoa.framework */,
				982752891DB3E0380048509C /* RxSwift.framework */,
				9827528A1DB3E0380048509C /* RxTests.framework */,
			);
			name = Frameworks;
			sourceTree = "<group>";
		};
		9864917D1DB71D8600086CDC /* Services */ = {
			isa = PBXGroup;
			children = (
				981F41741DB590F600FEA598 /* CharactersNetworkService.swift */,
			);
			name = Services;
			sourceTree = "<group>";
		};
		9864917E1DB71DBD00086CDC /* Characters */ = {
			isa = PBXGroup;
			children = (
				9827526F1DB3D8D90048509C /* CharactersViewController.swift */,
				9864917F1DB71DCF00086CDC /* CharacterTableViewCell.swift */,
			);
			name = Characters;
			sourceTree = "<group>";
		};
		987BCAD31DB713820052B78D /* Model */ = {
			isa = PBXGroup;
			children = (
				987BCAD41DB713CF0052B78D /* Character.swift */,
			);
			name = Model;
			sourceTree = "<group>";
		};
/* End PBXGroup section */

/* Begin PBXNativeTarget section */
		982752691DB3D8D90048509C /* ReactiveDemo */ = {
			isa = PBXNativeTarget;
			buildConfigurationList = 9827527C1DB3D8D90048509C /* Build configuration list for PBXNativeTarget "ReactiveDemo" */;
			buildPhases = (
				982752661DB3D8D90048509C /* Sources */,
				982752671DB3D8D90048509C /* Frameworks */,
				982752681DB3D8D90048509C /* Resources */,
				982752831DB3DFCC0048509C /* Carthage */,
			);
			buildRules = (
			);
			dependencies = (
			);
			name = ReactiveDemo;
			productName = ReactiveDemo;
			productReference = 9827526A1DB3D8D90048509C /* ReactiveDemo.app */;
			productType = "com.apple.product-type.application";
		};
/* End PBXNativeTarget section */

/* Begin PBXProject section */
		982752621DB3D8D90048509C /* Project object */ = {
			isa = PBXProject;
			attributes = {
				LastSwiftUpdateCheck = 0800;
				LastUpgradeCheck = 0800;
				ORGANIZATIONNAME = "Berzerker IO";
				TargetAttributes = {
					982752691DB3D8D90048509C = {
						CreatedOnToolsVersion = 8.0;
						DevelopmentTeam = 6M9MT4KJZD;
						ProvisioningStyle = Automatic;
					};
				};
			};
			buildConfigurationList = 982752651DB3D8D90048509C /* Build configuration list for PBXProject "ReactiveDemo" */;
			compatibilityVersion = "Xcode 3.2";
			developmentRegion = English;
			hasScannedForEncodings = 0;
			knownRegions = (
				en,
				Base,
			);
			mainGroup = 982752611DB3D8D90048509C;
			productRefGroup = 9827526B1DB3D8D90048509C /* Products */;
			projectDirPath = "";
			projectRoot = "";
			targets = (
				982752691DB3D8D90048509C /* ReactiveDemo */,
			);
		};
/* End PBXProject section */

/* Begin PBXResourcesBuildPhase section */
		982752681DB3D8D90048509C /* Resources */ = {
			isa = PBXResourcesBuildPhase;
			buildActionMask = 2147483647;
			files = (
				982752781DB3D8D90048509C /* LaunchScreen.storyboard in Resources */,
				982752751DB3D8D90048509C /* Assets.xcassets in Resources */,
				982752731DB3D8D90048509C /* Main.storyboard in Resources */,
			);
			runOnlyForDeploymentPostprocessing = 0;
		};
/* End PBXResourcesBuildPhase section */

/* Begin PBXShellScriptBuildPhase section */
		982752831DB3DFCC0048509C /* Carthage */ = {
			isa = PBXShellScriptBuildPhase;
			buildActionMask = 2147483647;
			files = (
			);
			inputPaths = (
				"$(SRCROOT)/Carthage/Build/iOS/Result.framework",
				"$(SRCROOT)/Carthage/Build/iOS/RxBlocking.framework",
				"$(SRCROOT)/Carthage/Build/iOS/RxCocoa.framework",
				"$(SRCROOT)/Carthage/Build/iOS/RxSwift.framework",
				"$(SRCROOT)/Carthage/Build/iOS/CommonCrypto.framework",
				"$(SRCROOT)/Carthage/Build/iOS/Crypto.framework",
				"$(SRCROOT)/Carthage/Build/iOS/Alamofire.framework",
			);
			name = Carthage;
			outputPaths = (
			);
			runOnlyForDeploymentPostprocessing = 0;
			shellPath = /bin/sh;
			shellScript = "/usr/local/bin/carthage copy-frameworks";
		};
/* End PBXShellScriptBuildPhase section */

/* Begin PBXSourcesBuildPhase section */
		982752661DB3D8D90048509C /* Sources */ = {
			isa = PBXSourcesBuildPhase;
			buildActionMask = 2147483647;
			files = (
				987BCAD51DB713CF0052B78D /* Character.swift in Sources */,
				982752701DB3D8D90048509C /* CharactersViewController.swift in Sources */,
				981F41751DB590F600FEA598 /* CharactersNetworkService.swift in Sources */,
				9827526E1DB3D8D90048509C /* AppDelegate.swift in Sources */,
				987BCAD71DB714AE0052B78D /* MarvelNetworking.swift in Sources */,
				986491801DB71DCF00086CDC /* CharacterTableViewCell.swift in Sources */,
			);
			runOnlyForDeploymentPostprocessing = 0;
		};
/* End PBXSourcesBuildPhase section */

/* Begin PBXVariantGroup section */
		982752711DB3D8D90048509C /* Main.storyboard */ = {
			isa = PBXVariantGroup;
			children = (
				982752721DB3D8D90048509C /* Base */,
			);
			name = Main.storyboard;
			sourceTree = "<group>";
		};
		982752761DB3D8D90048509C /* LaunchScreen.storyboard */ = {
			isa = PBXVariantGroup;
			children = (
				982752771DB3D8D90048509C /* Base */,
			);
			name = LaunchScreen.storyboard;
			sourceTree = "<group>";
		};
/* End PBXVariantGroup section */

/* Begin XCBuildConfiguration section */
		9827527A1DB3D8D90048509C /* Debug */ = {
			isa = XCBuildConfiguration;
			buildSettings = {
				ALWAYS_SEARCH_USER_PATHS = NO;
				CLANG_ANALYZER_NONNULL = YES;
				CLANG_CXX_LANGUAGE_STANDARD = "gnu++0x";
				CLANG_CXX_LIBRARY = "libc++";
				CLANG_ENABLE_MODULES = YES;
				CLANG_ENABLE_OBJC_ARC = YES;
				CLANG_WARN_BOOL_CONVERSION = YES;
				CLANG_WARN_CONSTANT_CONVERSION = YES;
				CLANG_WARN_DIRECT_OBJC_ISA_USAGE = YES_ERROR;
				CLANG_WARN_DOCUMENTATION_COMMENTS = YES;
				CLANG_WARN_EMPTY_BODY = YES;
				CLANG_WARN_ENUM_CONVERSION = YES;
				CLANG_WARN_INFINITE_RECURSION = YES;
				CLANG_WARN_INT_CONVERSION = YES;
				CLANG_WARN_OBJC_ROOT_CLASS = YES_ERROR;
				CLANG_WARN_SUSPICIOUS_MOVES = YES;
				CLANG_WARN_UNREACHABLE_CODE = YES;
				CLANG_WARN__DUPLICATE_METHOD_MATCH = YES;
				"CODE_SIGN_IDENTITY[sdk=iphoneos*]" = "iPhone Developer";
				COPY_PHASE_STRIP = NO;
				DEBUG_INFORMATION_FORMAT = dwarf;
				ENABLE_STRICT_OBJC_MSGSEND = YES;
				ENABLE_TESTABILITY = YES;
				GCC_C_LANGUAGE_STANDARD = gnu99;
				GCC_DYNAMIC_NO_PIC = NO;
				GCC_NO_COMMON_BLOCKS = YES;
				GCC_OPTIMIZATION_LEVEL = 0;
				GCC_PREPROCESSOR_DEFINITIONS = (
					"DEBUG=1",
					"$(inherited)",
				);
				GCC_WARN_64_TO_32_BIT_CONVERSION = YES;
				GCC_WARN_ABOUT_RETURN_TYPE = YES_ERROR;
				GCC_WARN_UNDECLARED_SELECTOR = YES;
				GCC_WARN_UNINITIALIZED_AUTOS = YES_AGGRESSIVE;
				GCC_WARN_UNUSED_FUNCTION = YES;
				GCC_WARN_UNUSED_VARIABLE = YES;
				IPHONEOS_DEPLOYMENT_TARGET = 10.0;
				MTL_ENABLE_DEBUG_INFO = YES;
				ONLY_ACTIVE_ARCH = YES;
				SDKROOT = iphoneos;
				SWIFT_ACTIVE_COMPILATION_CONDITIONS = DEBUG;
				SWIFT_OPTIMIZATION_LEVEL = "-Onone";
				TARGETED_DEVICE_FAMILY = "1,2";
			};
			name = Debug;
		};
		9827527B1DB3D8D90048509C /* Release */ = {
			isa = XCBuildConfiguration;
			buildSettings = {
				ALWAYS_SEARCH_USER_PATHS = NO;
				CLANG_ANALYZER_NONNULL = YES;
				CLANG_CXX_LANGUAGE_STANDARD = "gnu++0x";
				CLANG_CXX_LIBRARY = "libc++";
				CLANG_ENABLE_MODULES = YES;
				CLANG_ENABLE_OBJC_ARC = YES;
				CLANG_WARN_BOOL_CONVERSION = YES;
				CLANG_WARN_CONSTANT_CONVERSION = YES;
				CLANG_WARN_DIRECT_OBJC_ISA_USAGE = YES_ERROR;
				CLANG_WARN_DOCUMENTATION_COMMENTS = YES;
				CLANG_WARN_EMPTY_BODY = YES;
				CLANG_WARN_ENUM_CONVERSION = YES;
				CLANG_WARN_INFINITE_RECURSION = YES;
				CLANG_WARN_INT_CONVERSION = YES;
				CLANG_WARN_OBJC_ROOT_CLASS = YES_ERROR;
				CLANG_WARN_SUSPICIOUS_MOVES = YES;
				CLANG_WARN_UNREACHABLE_CODE = YES;
				CLANG_WARN__DUPLICATE_METHOD_MATCH = YES;
				"CODE_SIGN_IDENTITY[sdk=iphoneos*]" = "iPhone Developer";
				COPY_PHASE_STRIP = NO;
				DEBUG_INFORMATION_FORMAT = "dwarf-with-dsym";
				ENABLE_NS_ASSERTIONS = NO;
				ENABLE_STRICT_OBJC_MSGSEND = YES;
				GCC_C_LANGUAGE_STANDARD = gnu99;
				GCC_NO_COMMON_BLOCKS = YES;
				GCC_WARN_64_TO_32_BIT_CONVERSION = YES;
				GCC_WARN_ABOUT_RETURN_TYPE = YES_ERROR;
				GCC_WARN_UNDECLARED_SELECTOR = YES;
				GCC_WARN_UNINITIALIZED_AUTOS = YES_AGGRESSIVE;
				GCC_WARN_UNUSED_FUNCTION = YES;
				GCC_WARN_UNUSED_VARIABLE = YES;
				IPHONEOS_DEPLOYMENT_TARGET = 10.0;
				MTL_ENABLE_DEBUG_INFO = NO;
				SDKROOT = iphoneos;
				SWIFT_OPTIMIZATION_LEVEL = "-Owholemodule";
				TARGETED_DEVICE_FAMILY = "1,2";
				VALIDATE_PRODUCT = YES;
			};
			name = Release;
		};
		9827527D1DB3D8D90048509C /* Debug */ = {
			isa = XCBuildConfiguration;
			buildSettings = {
				ASSETCATALOG_COMPILER_APPICON_NAME = AppIcon;
				DEVELOPMENT_TEAM = 6M9MT4KJZD;
				FRAMEWORK_SEARCH_PATHS = (
					"$(inherited)",
					"$(PROJECT_DIR)/Carthage/Build/iOS",
				);
				INFOPLIST_FILE = ReactiveDemo/Info.plist;
				LD_RUNPATH_SEARCH_PATHS = "$(inherited) @executable_path/Frameworks";
				PRODUCT_BUNDLE_IDENTIFIER = io.berzerker.ReactiveDemo;
				PRODUCT_NAME = "$(TARGET_NAME)";
				SWIFT_VERSION = 3.0;
			};
			name = Debug;
		};
		9827527E1DB3D8D90048509C /* Release */ = {
			isa = XCBuildConfiguration;
			buildSettings = {
				ASSETCATALOG_COMPILER_APPICON_NAME = AppIcon;
				DEVELOPMENT_TEAM = 6M9MT4KJZD;
				FRAMEWORK_SEARCH_PATHS = (
					"$(inherited)",
					"$(PROJECT_DIR)/Carthage/Build/iOS",
				);
				INFOPLIST_FILE = ReactiveDemo/Info.plist;
				LD_RUNPATH_SEARCH_PATHS = "$(inherited) @executable_path/Frameworks";
				PRODUCT_BUNDLE_IDENTIFIER = io.berzerker.ReactiveDemo;
				PRODUCT_NAME = "$(TARGET_NAME)";
				SWIFT_VERSION = 3.0;
			};
			name = Release;
		};
/* End XCBuildConfiguration section */

/* Begin XCConfigurationList section */
		982752651DB3D8D90048509C /* Build configuration list for PBXProject "ReactiveDemo" */ = {
			isa = XCConfigurationList;
			buildConfigurations = (
				9827527A1DB3D8D90048509C /* Debug */,
				9827527B1DB3D8D90048509C /* Release */,
			);
			defaultConfigurationIsVisible = 0;
			defaultConfigurationName = Release;
		};
		9827527C1DB3D8D90048509C /* Build configuration list for PBXNativeTarget "ReactiveDemo" */ = {
			isa = XCConfigurationList;
			buildConfigurations = (
				9827527D1DB3D8D90048509C /* Debug */,
				9827527E1DB3D8D90048509C /* Release */,
			);
			defaultConfigurationIsVisible = 0;
			defaultConfigurationName = Release;
		};
/* End XCConfigurationList section */
	};
	rootObject = 982752621DB3D8D90048509C /* Project object */;
}
